
Microsoft Visual Studio Solution File, Format Version 12.00
# Visual Studio Version 16
VisualStudioVersion = 16.0.32413.511
MinimumVisualStudioVersion = 10.0.40219.1
Project("{8BC9CEB8-8B4A-11D0-8D11-00A0C91BC942}") = "CUDA_ClothDynamics_PBD_GraphColoring", "CUDA_ClothDynamics_PBD_GraphColoring\CUDA_ClothDynamics_PBD_GraphColoring.vcxproj", "{00935F72-D58B-4D02-9335-91E5E4C28B61}"
EndProject
Global
	GlobalSection(SolutionConfigurationPlatforms) = preSolution
		Debug|x64 = Debug|x64
		Release|x64 = Release|x64
	EndGlobalSection
	GlobalSection(ProjectConfigurationPlatforms) = postSolution
		{00935F72-D58B-4D02-9335-91E5E4C28B61}.Debug|x64.ActiveCfg = Debug|x64
		{00935F72-D58B-4D02-9335-91E5E4C28B61}.Debug|x64.Build.0 = Debug|x64
		{00935F72-D58B-4D02-9335-91E5E4C28B61}.Release|x64.ActiveCfg = Release|x64
		{00935F72-D58B-4D02-9335-91E5E4C28B61}.Release|x64.Build.0 = Release|x64
	EndGlobalSection
	GlobalSection(SolutionProperties) = preSolution
		HideSolutionNode = FALSE
	EndGlobalSection
	GlobalSection(ExtensibilityGlobals) = postSolution
		SolutionGuid = {B53F4B97-61A4-47A6-9A39-E79E593B21C6}
	EndGlobalSection
EndGlobal
